// !$*UTF8*$!
{
	archiveVersion = 1;
	classes = {
	};
	objectVersion = 46;
	objects = {

/* Begin PBXBuildFile section */
		168CAAF61A14818800007A39 /* AppDelegate.m in Sources */ = {isa = PBXBuildFile; fileRef = 168CAAF51A14818800007A39 /* AppDelegate.m */; };
		168CAAF81A14818800007A39 /* main.m in Sources */ = {isa = PBXBuildFile; fileRef = 168CAAF71A14818800007A39 /* main.m */; };
		168CAAFB1A14818800007A39 /* W_Client.xcdatamodeld in Sources */ = {isa = PBXBuildFile; fileRef = 168CAAF91A14818800007A39 /* W_Client.xcdatamodeld */; };
		168CAAFD1A14818800007A39 /* Images.xcassets in Resources */ = {isa = PBXBuildFile; fileRef = 168CAAFC1A14818800007A39 /* Images.xcassets */; };
		168CAB001A14818800007A39 /* MainMenu.xib in Resources */ = {isa = PBXBuildFile; fileRef = 168CAAFE1A14818800007A39 /* MainMenu.xib */; };
		168CAB0C1A14818800007A39 /* W_ClientTests.m in Sources */ = {isa = PBXBuildFile; fileRef = 168CAB0B1A14818800007A39 /* W_ClientTests.m */; };
/* End PBXBuildFile section */

/* Begin PBXContainerItemProxy section */
		168CAB061A14818800007A39 /* PBXContainerItemProxy */ = {
			isa = PBXContainerItemProxy;
			containerPortal = 168CAAE71A14818800007A39 /* Project object */;
			proxyType = 1;
			remoteGlobalIDString = 168CAAEE1A14818800007A39;
			remoteInfo = W_Client;
		};
/* End PBXContainerItemProxy section */

/* Begin PBXFileReference section */
		168CAAEF1A14818800007A39 /* W_Client.app */ = {isa = PBXFileReference; explicitFileType = wrapper.application; includeInIndex = 0; path = W_Client.app; sourceTree = BUILT_PRODUCTS_DIR; };
		168CAAF31A14818800007A39 /* Info.plist */ = {isa = PBXFileReference; lastKnownFileType = text.plist.xml; path = Info.plist; sourceTree = "<group>"; };
		168CAAF41A14818800007A39 /* AppDelegate.h */ = {isa = PBXFileReference; lastKnownFileType = sourcecode.c.h; path = AppDelegate.h; sourceTree = "<group>"; };
		168CAAF51A14818800007A39 /* AppDelegate.m */ = {isa = PBXFileReference; lastKnownFileType = sourcecode.c.objc; path = AppDelegate.m; sourceTree = "<group>"; };
		168CAAF71A14818800007A39 /* main.m */ = {isa = PBXFileReference; lastKnownFileType = sourcecode.c.objc; path = main.m; sourceTree = "<group>"; };
		168CAAFA1A14818800007A39 /* W_Client.xcdatamodel */ = {isa = PBXFileReference; lastKnownFileType = wrapper.xcdatamodel; path = W_Client.xcdatamodel; sourceTree = "<group>"; };
		168CAAFC1A14818800007A39 /* Images.xcassets */ = {isa = PBXFileReference; lastKnownFileType = folder.assetcatalog; path = Images.xcassets; sourceTree = "<group>"; };
		168CAAFF1A14818800007A39 /* Base */ = {isa = PBXFileReference; lastKnownFileType = file.xib; name = Base; path = Base.lproj/MainMenu.xib; sourceTree = "<group>"; };
		168CAB051A14818800007A39 /* W_ClientTests.xctest */ = {isa = PBXFileReference; explicitFileType = wrapper.cfbundle; includeInIndex = 0; path = W_ClientTests.xctest; sourceTree = BUILT_PRODUCTS_DIR; };
		168CAB0A1A14818800007A39 /* Info.plist */ = {isa = PBXFileReference; lastKnownFileType = text.plist.xml; path = Info.plist; sourceTree = "<group>"; };
		168CAB0B1A14818800007A39 /* W_ClientTests.m */ = {isa = PBXFileReference; lastKnownFileType = sourcecode.c.objc; path = W_ClientTests.m; sourceTree = "<group>"; };
/* End PBXFileReference section */

/* Begin PBXFrameworksBuildPhase section */
		168CAAEC1A14818800007A39 /* Frameworks */ = {
			isa = PBXFrameworksBuildPhase;
			buildActionMask = 2147483647;
			files = (
			);
			runOnlyForDeploymentPostprocessing = 0;
		};
		168CAB021A14818800007A39 /* Frameworks */ = {
			isa = PBXFrameworksBuildPhase;
			buildActionMask = 2147483647;
			files = (
			);
			runOnlyForDeploymentPostprocessing = 0;
		};
/* End PBXFrameworksBuildPhase section */

/* Begin PBXGroup section */
		168CAAE61A14818800007A39 = {
			isa = PBXGroup;
			children = (
				168CAAF11A14818800007A39 /* W_Client */,
				168CAB081A14818800007A39 /* W_ClientTests */,
				168CAAF01A14818800007A39 /* Products */,
			);
			sourceTree = "<group>";
		};
		168CAAF01A14818800007A39 /* Products */ = {
			isa = PBXGroup;
			children = (
				168CAAEF1A14818800007A39 /* W_Client.app */,
				168CAB051A14818800007A39 /* W_ClientTests.xctest */,
			);
			name = Products;
			sourceTree = "<group>";
		};
		168CAAF11A14818800007A39 /* W_Client */ = {
			isa = PBXGroup;
			children = (
				168CAAF41A14818800007A39 /* AppDelegate.h */,
				168CAAF51A14818800007A39 /* AppDelegate.m */,
				168CAAFC1A14818800007A39 /* Images.xcassets */,
				168CAAFE1A14818800007A39 /* MainMenu.xib */,
				168CAAF91A14818800007A39 /* W_Client.xcdatamodeld */,
				168CAAF21A14818800007A39 /* Supporting Files */,
			);
			path = W_Client;
			sourceTree = "<group>";
		};
		168CAAF21A14818800007A39 /* Supporting Files */ = {
			isa = PBXGroup;
			children = (
				168CAAF31A14818800007A39 /* Info.plist */,
				168CAAF71A14818800007A39 /* main.m */,
			);
			name = "Supporting Files";
			sourceTree = "<group>";
		};
		168CAB081A14818800007A39 /* W_ClientTests */ = {
			isa = PBXGroup;
			children = (
				168CAB0B1A14818800007A39 /* W_ClientTests.m */,
				168CAB091A14818800007A39 /* Supporting Files */,
			);
			path = W_ClientTests;
			sourceTree = "<group>";
		};
		168CAB091A14818800007A39 /* Supporting Files */ = {
			isa = PBXGroup;
			children = (
				168CAB0A1A14818800007A39 /* Info.plist */,
			);
			name = "Supporting Files";
			sourceTree = "<group>";
		};
/* End PBXGroup section */

/* Begin PBXNativeTarget section */
		168CAAEE1A14818800007A39 /* W_Client */ = {
			isa = PBXNativeTarget;
			buildConfigurationList = 168CAB0F1A14818800007A39 /* Build configuration list for PBXNativeTarget "W_Client" */;
			buildPhases = (
				168CAAEB1A14818800007A39 /* Sources */,
				168CAAEC1A14818800007A39 /* Frameworks */,
				168CAAED1A14818800007A39 /* Resources */,
			);
			buildRules = (
			);
			dependencies = (
			);
			name = W_Client;
			productName = W_Client;
			productReference = 168CAAEF1A14818800007A39 /* W_Client.app */;
			productType = "com.apple.product-type.application";
		};
		168CAB041A14818800007A39 /* W_ClientTests */ = {
			isa = PBXNativeTarget;
			buildConfigurationList = 168CAB121A14818800007A39 /* Build configuration list for PBXNativeTarget "W_ClientTests" */;
			buildPhases = (
				168CAB011A14818800007A39 /* Sources */,
				168CAB021A14818800007A39 /* Frameworks */,
				168CAB031A14818800007A39 /* Resources */,
			);
			buildRules = (
			);
			dependencies = (
				168CAB071A14818800007A39 /* PBXTargetDependency */,
			);
			name = W_ClientTests;
			productName = W_ClientTests;
			productReference = 168CAB051A14818800007A39 /* W_ClientTests.xctest */;
			productType = "com.apple.product-type.bundle.unit-test";
		};
/* End PBXNativeTarget section */

/* Begin PBXProject section */
		168CAAE71A14818800007A39 /* Project object */ = {
			isa = PBXProject;
			attributes = {
				LastUpgradeCheck = 0610;
				ORGANIZATIONNAME = "Veight Zhou";
				TargetAttributes = {
					168CAAEE1A14818800007A39 = {
						CreatedOnToolsVersion = 6.1;
					};
					168CAB041A14818800007A39 = {
						CreatedOnToolsVersion = 6.1;
						TestTargetID = 168CAAEE1A14818800007A39;
					};
				};
			};
			buildConfigurationList = 168CAAEA1A14818800007A39 /* Build configuration list for PBXProject "W_Client" */;
			compatibilityVersion = "Xcode 3.2";
			developmentRegion = English;
			hasScannedForEncodings = 0;
			knownRegions = (
				en,
				Base,
			);
			mainGroup = 168CAAE61A14818800007A39;
			productRefGroup = 168CAAF01A14818800007A39 /* Products */;
			projectDirPath = "";
			projectRoot = "";
			targets = (
				168CAAEE1A14818800007A39 /* W_Client */,
				168CAB041A14818800007A39 /* W_ClientTests */,
			);
		};
/* End PBXProject section */

/* Begin PBXResourcesBuildPhase section */
		168CAAED1A14818800007A39 /* Resources */ = {
			isa = PBXResourcesBuildPhase;
			buildActionMask = 2147483647;
			files = (
				168CAAFD1A14818800007A39 /* Images.xcassets in Resources */,
				168CAB001A14818800007A39 /* MainMenu.xib in Resources */,
			);
			runOnlyForDeploymentPostprocessing = 0;
		};
		168CAB031A14818800007A39 /* Resources */ = {
			isa = PBXResourcesBuildPhase;
			buildActionMask = 2147483647;
			files = (
			);
			runOnlyForDeploymentPostprocessing = 0;
		};
/* End PBXResourcesBuildPhase section */

/* Begin PBXSourcesBuildPhase section */
		168CAAEB1A14818800007A39 /* Sources */ = {
			isa = PBXSourcesBuildPhase;
			buildActionMask = 2147483647;
			files = (
				168CAAFB1A14818800007A39 /* W_Client.xcdatamodeld in Sources */,
				168CAAF81A14818800007A39 /* main.m in Sources */,
				168CAAF61A14818800007A39 /* AppDelegate.m in Sources */,
			);
			runOnlyForDeploymentPostprocessing = 0;
		};
		168CAB011A14818800007A39 /* Sources */ = {
			isa = PBXSourcesBuildPhase;
			buildActionMask = 2147483647;
			files = (
				168CAB0C1A14818800007A39 /* W_ClientTests.m in Sources */,
			);
			runOnlyForDeploymentPostprocessing = 0;
		};
/* End PBXSourcesBuildPhase section */

/* Begin PBXTargetDependency section */
		168CAB071A14818800007A39 /* PBXTargetDependency */ = {
			isa = PBXTargetDependency;
			target = 168CAAEE1A14818800007A39 /* W_Client */;
			targetProxy = 168CAB061A14818800007A39 /* PBXContainerItemProxy */;
		};
/* End PBXTargetDependency section */

/* Begin PBXVariantGroup section */
		168CAAFE1A14818800007A39 /* MainMenu.xib */ = {
			isa = PBXVariantGroup;
			children = (
				168CAAFF1A14818800007A39 /* Base */,
			);
			name = MainMenu.xib;
			sourceTree = "<group>";
		};
/* End PBXVariantGroup section */

/* Begin XCBuildConfiguration section */
		168CAB0D1A14818800007A39 /* Debug */ = {
			isa = XCBuildConfiguration;
			buildSettings = {
				ALWAYS_SEARCH_USER_PATHS = NO;
				CLANG_CXX_LANGUAGE_STANDARD = "gnu++0x";
				CLANG_CXX_LIBRARY = "libc++";
				CLANG_ENABLE_MODULES = YES;
				CLANG_ENABLE_OBJC_ARC = YES;
				CLANG_WARN_BOOL_CONVERSION = YES;
				CLANG_WARN_CONSTANT_CONVERSION = YES;
				CLANG_WARN_DIRECT_OBJC_ISA_USAGE = YES_ERROR;
				CLANG_WARN_EMPTY_BODY = YES;
				CLANG_WARN_ENUM_CONVERSION = YES;
				CLANG_WARN_INT_CONVERSION = YES;
				CLANG_WARN_OBJC_ROOT_CLASS = YES_ERROR;
				CLANG_WARN_UNREACHABLE_CODE = YES;
				CLANG_WARN__DUPLICATE_METHOD_MATCH = YES;
				CODE_SIGN_IDENTITY = "-";
				COPY_PHASE_STRIP = NO;
				ENABLE_STRICT_OBJC_MSGSEND = YES;
				GCC_C_LANGUAGE_STANDARD = gnu99;
				GCC_DYNAMIC_NO_PIC = NO;
				GCC_OPTIMIZATION_LEVEL = 0;
				GCC_PREPROCESSOR_DEFINITIONS = (
					"DEBUG=1",
					"$(inherited)",
				);
				GCC_SYMBOLS_PRIVATE_EXTERN = NO;
				GCC_WARN_64_TO_32_BIT_CONVERSION = YES;
				GCC_WARN_ABOUT_RETURN_TYPE = YES_ERROR;
				GCC_WARN_UNDECLARED_SELECTOR = YES;
				GCC_WARN_UNINITIALIZED_AUTOS = YES_AGGRESSIVE;
				GCC_WARN_UNUSED_FUNCTION = YES;
				GCC_WARN_UNUSED_VARIABLE = YES;
				MACOSX_DEPLOYMENT_TARGET = 10.9;
				MTL_ENABLE_DEBUG_INFO = YES;
				ONLY_ACTIVE_ARCH = YES;
				SDKROOT = macosx;
			};
			name = Debug;
		};
		168CAB0E1A14818800007A39 /* Release */ = {
			isa = XCBuildConfiguration;
			buildSettings = {
				ALWAYS_SEARCH_USER_PATHS = NO;
				CLANG_CXX_LANGUAGE_STANDARD = "gnu++0x";
				CLANG_CXX_LIBRARY = "libc++";
				CLANG_ENABLE_MODULES = YES;
				CLANG_ENABLE_OBJC_ARC = YES;
				CLANG_WARN_BOOL_CONVERSION = YES;
				CLANG_WARN_CONSTANT_CONVERSION = YES;
				CLANG_WARN_DIRECT_OBJC_ISA_USAGE = YES_ERROR;
				CLANG_WARN_EMPTY_BODY = YES;
				CLANG_WARN_ENUM_CONVERSION = YES;
				CLANG_WARN_INT_CONVERSION = YES;
				CLANG_WARN_OBJC_ROOT_CLASS = YES_ERROR;
				CLANG_WARN_UNREACHABLE_CODE = YES;
				CLANG_WARN__DUPLICATE_METHOD_MATCH = YES;
				CODE_SIGN_IDENTITY = "-";
				COPY_PHASE_STRIP = YES;
				DEBUG_INFORMATION_FORMAT = "dwarf-with-dsym";
				ENABLE_NS_ASSERTIONS = NO;
				ENABLE_STRICT_OBJC_MSGSEND = YES;
				GCC_C_LANGUAGE_STANDARD = gnu99;
				GCC_WARN_64_TO_32_BIT_CONVERSION = YES;
				GCC_WARN_ABOUT_RETURN_TYPE = YES_ERROR;
				GCC_WARN_UNDECLARED_SELECTOR = YES;
				GCC_WARN_UNINITIALIZED_AUTOS = YES_AGGRESSIVE;
				GCC_WARN_UNUSED_FUNCTION = YES;
				GCC_WARN_UNUSED_VARIABLE = YES;
				MACOSX_DEPLOYMENT_TARGET = 10.9;
				MTL_ENABLE_DEBUG_INFO = NO;
				SDKROOT = macosx;
			};
			name = Release;
		};
		168CAB101A14818800007A39 /* Debug */ = {
			isa = XCBuildConfiguration;
			buildSettings = {
				ASSETCATALOG_COMPILER_APPICON_NAME = AppIcon;
				COMBINE_HIDPI_IMAGES = YES;
				INFOPLIST_FILE = W_Client/Info.plist;
				LD_RUNPATH_SEARCH_PATHS = "$(inherited) @executable_path/../Frameworks";
				PRODUCT_NAME = "$(TARGET_NAME)";
			};
			name = Debug;
		};
		168CAB111A14818800007A39 /* Release */ = {
			isa = XCBuildConfiguration;
			buildSettings = {
				ASSETCATALOG_COMPILER_APPICON_NAME = AppIcon;
				COMBINE_HIDPI_IMAGES = YES;
				INFOPLIST_FILE = W_Client/Info.plist;
				LD_RUNPATH_SEARCH_PATHS = "$(inherited) @executable_path/../Frameworks";
				PRODUCT_NAME = "$(TARGET_NAME)";
			};
			name = Release;
		};
		168CAB131A14818800007A39 /* Debug */ = {
			isa = XCBuildConfiguration;
			buildSettings = {
				BUNDLE_LOADER = "$(TEST_HOST)";
				COMBINE_HIDPI_IMAGES = YES;
				FRAMEWORK_SEARCH_PATHS = (
					"$(DEVELOPER_FRAMEWORKS_DIR)",
					"$(inherited)",
				);
				GCC_PREPROCESSOR_DEFINITIONS = (
					"DEBUG=1",
					"$(inherited)",
				);
				INFOPLIST_FILE = W_ClientTests/Info.plist;
				LD_RUNPATH_SEARCH_PATHS = "$(inherited) @executable_path/../Frameworks @loader_path/../Frameworks";
				PRODUCT_NAME = "$(TARGET_NAME)";
				TEST_HOST = "$(BUILT_PRODUCTS_DIR)/W_Client.app/Contents/MacOS/W_Client";
			};
			name = Debug;
		};
		168CAB141A14818800007A39 /* Release */ = {
			isa = XCBuildConfiguration;
			buildSettings = {
				BUNDLE_LOADER = "$(TEST_HOST)";
				COMBINE_HIDPI_IMAGES = YES;
				FRAMEWORK_SEARCH_PATHS = (
					"$(DEVELOPER_FRAMEWORKS_DIR)",
					"$(inherited)",
				);
				INFOPLIST_FILE = W_ClientTests/Info.plist;
				LD_RUNPATH_SEARCH_PATHS = "$(inherited) @executable_path/../Frameworks @loader_path/../Frameworks";
				PRODUCT_NAME = "$(TARGET_NAME)";
				TEST_HOST = "$(BUILT_PRODUCTS_DIR)/W_Client.app/Contents/MacOS/W_Client";
			};
			name = Release;
		};
/* End XCBuildConfiguration section */

/* Begin XCConfigurationList section */
		168CAAEA1A14818800007A39 /* Build configuration list for PBXProject "W_Client" */ = {
			isa = XCConfigurationList;
			buildConfigurations = (
				168CAB0D1A14818800007A39 /* Debug */,
				168CAB0E1A14818800007A39 /* Release */,
			);
			defaultConfigurationIsVisible = 0;
			defaultConfigurationName = Release;
		};
		168CAB0F1A14818800007A39 /* Build configuration list for PBXNativeTarget "W_Client" */ = {
			isa = XCConfigurationList;
			buildConfigurations = (
				168CAB101A14818800007A39 /* Debug */,
				168CAB111A14818800007A39 /* Release */,
			);
			defaultConfigurationIsVisible = 0;
		};
		168CAB121A14818800007A39 /* Build configuration list for PBXNativeTarget "W_ClientTests" */ = {
			isa = XCConfigurationList;
			buildConfigurations = (
				168CAB131A14818800007A39 /* Debug */,
				168CAB141A14818800007A39 /* Release */,
			);
			defaultConfigurationIsVisible = 0;
		};
/* End XCConfigurationList section */

/* Begin XCVersionGroup section */
		168CAAF91A14818800007A39 /* W_Client.xcdatamodeld */ = {
			isa = XCVersionGroup;
			children = (
				168CAAFA1A14818800007A39 /* W_Client.xcdatamodel */,
			);
			currentVersion = 168CAAFA1A14818800007A39 /* W_Client.xcdatamodel */;
			path = W_Client.xcdatamodeld;
			sourceTree = "<group>";
			versionGroupType = wrapper.xcdatamodel;
		};
/* End XCVersionGroup section */
	};
	rootObject = 168CAAE71A14818800007A39 /* Project object */;
}
